
Microsoft Visual Studio Solution File, Format Version 12.00
# Visual Studio Version 16
VisualStudioVersion = 16.0.30523.141
MinimumVisualStudioVersion = 10.0.40219.1
Project("{9A19103F-16F7-4668-BE54-9A1E7A4F7556}") = "SeleniumDemo", "SeleniumDemo\SeleniumDemo.csproj", "{9E7EA7DD-1C2D-428A-8FDC-126126782959}"
EndProject
Project("{FAE04EC0-301F-11D3-BF4B-00C04F79EFBC}") = "PS5Bot", "PS5Bot\PS5Bot.csproj", "{F385D3B5-8D5E-4A68-9254-7AE21FFB6128}"
EndProject
Global
	GlobalSection(SolutionConfigurationPlatforms) = preSolution
		Debug|Any CPU = Debug|Any CPU
		Release|Any CPU = Release|Any CPU
	EndGlobalSection
	GlobalSection(ProjectConfigurationPlatforms) = postSolution
		{9E7EA7DD-1C2D-428A-8FDC-126126782959}.Debug|Any CPU.ActiveCfg = Debug|Any CPU
		{9E7EA7DD-1C2D-428A-8FDC-126126782959}.Debug|Any CPU.Build.0 = Debug|Any CPU
		{9E7EA7DD-1C2D-428A-8FDC-126126782959}.Release|Any CPU.ActiveCfg = Release|Any CPU
		{9E7EA7DD-1C2D-428A-8FDC-126126782959}.Release|Any CPU.Build.0 = Release|Any CPU
		{F385D3B5-8D5E-4A68-9254-7AE21FFB6128}.Debug|Any CPU.ActiveCfg = Debug|Any CPU
		{F385D3B5-8D5E-4A68-9254-7AE21FFB6128}.Debug|Any CPU.Build.0 = Debug|Any CPU
		{F385D3B5-8D5E-4A68-9254-7AE21FFB6128}.Release|Any CPU.ActiveCfg = Release|Any CPU
		{F385D3B5-8D5E-4A68-9254-7AE21FFB6128}.Release|Any CPU.Build.0 = Release|Any CPU
	EndGlobalSection
	GlobalSection(SolutionProperties) = preSolution
		HideSolutionNode = FALSE
	EndGlobalSection
	GlobalSection(ExtensibilityGlobals) = postSolution
		SolutionGuid = {26FD2880-7514-42EF-8A6A-1C39AEB8970C}
	EndGlobalSection
EndGlobal
